
Microsoft Visual Studio Solution File, Format Version 12.00
# Visual Studio Version 16
VisualStudioVersion = 16.0.29201.188
MinimumVisualStudioVersion = 10.0.40219.1
Project("{8BC9CEB8-8B4A-11D0-8D11-00A0C91BC942}") = "cgmodel", "cgmodel.vcxproj", "{14CAA889-B40D-48C3-8185-E6843D934FE3}"
EndProject
Global
	GlobalSection(SolutionConfigurationPlatforms) = preSolution
		Release|Win32 = Release|Win32
	EndGlobalSection
	GlobalSection(ProjectConfigurationPlatforms) = postSolution
		{14CAA889-B40D-48C3-8185-E6843D934FE3}.Release|Win32.ActiveCfg = Release|Win32
		{14CAA889-B40D-48C3-8185-E6843D934FE3}.Release|Win32.Build.0 = Release|Win32
	EndGlobalSection
	GlobalSection(SolutionProperties) = preSolution
		HideSolutionNode = FALSE
	EndGlobalSection
	GlobalSection(ExtensibilityGlobals) = postSolution
		SolutionGuid = {865B3B7D-E291-4CBF-907D-45D996802A91}
	EndGlobalSection
EndGlobal
