
Microsoft Visual Studio Solution File, Format Version 12.00
# Visual Studio Version 16
VisualStudioVersion = 16.0.30002.166
MinimumVisualStudioVersion = 10.0.40219.1
Project("{8BC9CEB8-8B4A-11D0-8D11-00A0C91BC942}") = "cgtrackball", "cgtrackball.vcxproj", "{C86A8F6C-64DD-405A-A177-A6282CA3B782}"
EndProject
Global
	GlobalSection(SolutionConfigurationPlatforms) = preSolution
		Release|Win32 = Release|Win32
	EndGlobalSection
	GlobalSection(ProjectConfigurationPlatforms) = postSolution
		{C86A8F6C-64DD-405A-A177-A6282CA3B782}.Release|Win32.ActiveCfg = Release|Win32
		{C86A8F6C-64DD-405A-A177-A6282CA3B782}.Release|Win32.Build.0 = Release|Win32
	EndGlobalSection
	GlobalSection(SolutionProperties) = preSolution
		HideSolutionNode = FALSE
	EndGlobalSection
	GlobalSection(ExtensibilityGlobals) = postSolution
		SolutionGuid = {B940DF93-BD87-462B-A633-2F7DA94C3A6F}
	EndGlobalSection
EndGlobal
